
Microsoft Visual Studio Solution File, Format Version 12.00
# Visual Studio 15
VisualStudioVersion = 15.0.28010.2026
MinimumVisualStudioVersion = 10.0.40219.1
Project("{FAE04EC0-301F-11D3-BF4B-00C04F79EFBC}") = "ClassLibrary1", "ClassLibrary1\ClassLibrary1.csproj", "{908B1497-6A6E-416F-B0C9-E4AFAD25C39D}"
EndProject
Project("{FAE04EC0-301F-11D3-BF4B-00C04F79EFBC}") = "WebApplication", "WebApplication\WebApplication.csproj", "{7AB7CA54-FA99-49AA-AA30-D47280B4A9C9}"
EndProject
Global
	GlobalSection(SolutionConfigurationPlatforms) = preSolution
		Debug|Any CPU = Debug|Any CPU
		Release|Any CPU = Release|Any CPU
	EndGlobalSection
	GlobalSection(ProjectConfigurationPlatforms) = postSolution
		{908B1497-6A6E-416F-B0C9-E4AFAD25C39D}.Debug|Any CPU.ActiveCfg = Debug|Any CPU
		{908B1497-6A6E-416F-B0C9-E4AFAD25C39D}.Debug|Any CPU.Build.0 = Debug|Any CPU
		{908B1497-6A6E-416F-B0C9-E4AFAD25C39D}.Release|Any CPU.ActiveCfg = Release|Any CPU
		{908B1497-6A6E-416F-B0C9-E4AFAD25C39D}.Release|Any CPU.Build.0 = Release|Any CPU
		{7AB7CA54-FA99-49AA-AA30-D47280B4A9C9}.Debug|Any CPU.ActiveCfg = Debug|Any CPU
		{7AB7CA54-FA99-49AA-AA30-D47280B4A9C9}.Debug|Any CPU.Build.0 = Debug|Any CPU
		{7AB7CA54-FA99-49AA-AA30-D47280B4A9C9}.Release|Any CPU.ActiveCfg = Release|Any CPU
		{7AB7CA54-FA99-49AA-AA30-D47280B4A9C9}.Release|Any CPU.Build.0 = Release|Any CPU
	EndGlobalSection
	GlobalSection(SolutionProperties) = preSolution
		HideSolutionNode = FALSE
	EndGlobalSection
	GlobalSection(ExtensibilityGlobals) = postSolution
		SolutionGuid = {BFC02311-94C0-4CBE-95D2-73D254E87E46}
	EndGlobalSection
EndGlobal
